
Microsoft Visual Studio Solution File, Format Version 12.00
# Visual Studio 15
VisualStudioVersion = 15.0.27703.2047
MinimumVisualStudioVersion = 10.0.40219.1
Project("{8BC9CEB8-8B4A-11D0-8D11-00A0C91BC942}") = "XJoy", "XJoy\XJoy.vcxproj", "{3F3F175C-224E-45A8-BC40-FEC1029ABD81}"
EndProject
Global
	GlobalSection(SolutionConfigurationPlatforms) = preSolution
		Debug|x64 = Debug|x64
		Debug|x86 = Debug|x86
		Release|x64 = Release|x64
		Release|x86 = Release|x86
	EndGlobalSection
	GlobalSection(ProjectConfigurationPlatforms) = postSolution
		{3F3F175C-224E-45A8-BC40-FEC1029ABD81}.Debug|x64.ActiveCfg = Debug|x64
		{3F3F175C-224E-45A8-BC40-FEC1029ABD81}.Debug|x64.Build.0 = Debug|x64
		{3F3F175C-224E-45A8-BC40-FEC1029ABD81}.Debug|x86.ActiveCfg = Debug|Win32
		{3F3F175C-224E-45A8-BC40-FEC1029ABD81}.Debug|x86.Build.0 = Debug|Win32
		{3F3F175C-224E-45A8-BC40-FEC1029ABD81}.Release|x64.ActiveCfg = Release|x64
		{3F3F175C-224E-45A8-BC40-FEC1029ABD81}.Release|x64.Build.0 = Release|x64
		{3F3F175C-224E-45A8-BC40-FEC1029ABD81}.Release|x86.ActiveCfg = Release|Win32
		{3F3F175C-224E-45A8-BC40-FEC1029ABD81}.Release|x86.Build.0 = Release|Win32
	EndGlobalSection
	GlobalSection(SolutionProperties) = preSolution
		HideSolutionNode = FALSE
	EndGlobalSection
	GlobalSection(ExtensibilityGlobals) = postSolution
		SolutionGuid = {07D9DC38-ADF4-4982-A21F-83AA4C1E580B}
	EndGlobalSection
EndGlobal
